
Microsoft Visual Studio Solution File, Format Version 12.00
# Visual Studio Version 17
VisualStudioVersion = 17.0.31903.59
MinimumVisualStudioVersion = 10.0.40219.1
Project("{FAE04EC0-301F-11D3-BF4B-00C04F79EFBC}") = "API", "API\API.csproj", "{6A3E2560-1A33-4AAC-A48C-FB428D5BD841}"
EndProject
Project("{FAE04EC0-301F-11D3-BF4B-00C04F79EFBC}") = "Application", "Application\Application.csproj", "{CDE0B57B-0994-4BF0-BD55-6A70C9762121}"
EndProject
Project("{FAE04EC0-301F-11D3-BF4B-00C04F79EFBC}") = "Persistence", "Persistence\Persistence.csproj", "{499FB8E0-3DE7-4A9C-8A64-C46137C0F2FD}"
EndProject
Project("{FAE04EC0-301F-11D3-BF4B-00C04F79EFBC}") = "Domain", "Domain\Domain.csproj", "{FB771E87-9D34-49E4-9BF4-27824E162F17}"
EndProject
Project("{FAE04EC0-301F-11D3-BF4B-00C04F79EFBC}") = "Infrastructure", "Infrastructure\Infrastructure.csproj", "{77424EED-D50D-41A8-B165-2D31B2152909}"
EndProject
Global
	GlobalSection(SolutionConfigurationPlatforms) = preSolution
		Debug|Any CPU = Debug|Any CPU
		Release|Any CPU = Release|Any CPU
	EndGlobalSection
	GlobalSection(SolutionProperties) = preSolution
		HideSolutionNode = FALSE
	EndGlobalSection
	GlobalSection(ProjectConfigurationPlatforms) = postSolution
		{6A3E2560-1A33-4AAC-A48C-FB428D5BD841}.Debug|Any CPU.ActiveCfg = Debug|Any CPU
		{6A3E2560-1A33-4AAC-A48C-FB428D5BD841}.Debug|Any CPU.Build.0 = Debug|Any CPU
		{6A3E2560-1A33-4AAC-A48C-FB428D5BD841}.Release|Any CPU.ActiveCfg = Release|Any CPU
		{6A3E2560-1A33-4AAC-A48C-FB428D5BD841}.Release|Any CPU.Build.0 = Release|Any CPU
		{CDE0B57B-0994-4BF0-BD55-6A70C9762121}.Debug|Any CPU.ActiveCfg = Debug|Any CPU
		{CDE0B57B-0994-4BF0-BD55-6A70C9762121}.Debug|Any CPU.Build.0 = Debug|Any CPU
		{CDE0B57B-0994-4BF0-BD55-6A70C9762121}.Release|Any CPU.ActiveCfg = Release|Any CPU
		{CDE0B57B-0994-4BF0-BD55-6A70C9762121}.Release|Any CPU.Build.0 = Release|Any CPU
		{499FB8E0-3DE7-4A9C-8A64-C46137C0F2FD}.Debug|Any CPU.ActiveCfg = Debug|Any CPU
		{499FB8E0-3DE7-4A9C-8A64-C46137C0F2FD}.Debug|Any CPU.Build.0 = Debug|Any CPU
		{499FB8E0-3DE7-4A9C-8A64-C46137C0F2FD}.Release|Any CPU.ActiveCfg = Release|Any CPU
		{499FB8E0-3DE7-4A9C-8A64-C46137C0F2FD}.Release|Any CPU.Build.0 = Release|Any CPU
		{FB771E87-9D34-49E4-9BF4-27824E162F17}.Debug|Any CPU.ActiveCfg = Debug|Any CPU
		{FB771E87-9D34-49E4-9BF4-27824E162F17}.Debug|Any CPU.Build.0 = Debug|Any CPU
		{FB771E87-9D34-49E4-9BF4-27824E162F17}.Release|Any CPU.ActiveCfg = Release|Any CPU
		{FB771E87-9D34-49E4-9BF4-27824E162F17}.Release|Any CPU.Build.0 = Release|Any CPU
		{77424EED-D50D-41A8-B165-2D31B2152909}.Debug|Any CPU.ActiveCfg = Debug|Any CPU
		{77424EED-D50D-41A8-B165-2D31B2152909}.Debug|Any CPU.Build.0 = Debug|Any CPU
		{77424EED-D50D-41A8-B165-2D31B2152909}.Release|Any CPU.ActiveCfg = Release|Any CPU
		{77424EED-D50D-41A8-B165-2D31B2152909}.Release|Any CPU.Build.0 = Release|Any CPU
	EndGlobalSection
EndGlobal
